// !$*UTF8*$!
{
	archiveVersion = 1;
	classes = {
	};
	objectVersion = 46;
	objects = {

/* Begin PBXBuildFile section */
		7A3775F71EFE095200E7D13B /* AppDelegate.swift in Sources */ = {isa = PBXBuildFile; fileRef = 7A3775F61EFE095200E7D13B /* AppDelegate.swift */; };
		7A3775F91EFE095200E7D13B /* InicioViewController.swift in Sources */ = {isa = PBXBuildFile; fileRef = 7A3775F81EFE095200E7D13B /* InicioViewController.swift */; };
		7A3775FC1EFE095200E7D13B /* Main.storyboard in Resources */ = {isa = PBXBuildFile; fileRef = 7A3775FA1EFE095200E7D13B /* Main.storyboard */; };
		7A3775FE1EFE095200E7D13B /* Assets.xcassets in Resources */ = {isa = PBXBuildFile; fileRef = 7A3775FD1EFE095200E7D13B /* Assets.xcassets */; };
		7A3776011EFE095200E7D13B /* LaunchScreen.storyboard in Resources */ = {isa = PBXBuildFile; fileRef = 7A3775FF1EFE095200E7D13B /* LaunchScreen.storyboard */; };
		7A37760C1EFE095200E7D13B /* Geek_VideosTests.swift in Sources */ = {isa = PBXBuildFile; fileRef = 7A37760B1EFE095200E7D13B /* Geek_VideosTests.swift */; };
		7A3776171EFE095300E7D13B /* Geek_VideosUITests.swift in Sources */ = {isa = PBXBuildFile; fileRef = 7A3776161EFE095300E7D13B /* Geek_VideosUITests.swift */; };
		7A3776261EFE112600E7D13B /* Roboto-Bold.ttf in Resources */ = {isa = PBXBuildFile; fileRef = 7A3776241EFE112600E7D13B /* Roboto-Bold.ttf */; };
		7A3776271EFE112600E7D13B /* Roboto-Regular.ttf in Resources */ = {isa = PBXBuildFile; fileRef = 7A3776251EFE112600E7D13B /* Roboto-Regular.ttf */; };
/* End PBXBuildFile section */

/* Begin PBXContainerItemProxy section */
		7A3776081EFE095200E7D13B /* PBXContainerItemProxy */ = {
			isa = PBXContainerItemProxy;
			containerPortal = 7A3775EB1EFE095200E7D13B /* Project object */;
			proxyType = 1;
			remoteGlobalIDString = 7A3775F21EFE095200E7D13B;
			remoteInfo = "Geek Videos";
		};
		7A3776131EFE095300E7D13B /* PBXContainerItemProxy */ = {
			isa = PBXContainerItemProxy;
			containerPortal = 7A3775EB1EFE095200E7D13B /* Project object */;
			proxyType = 1;
			remoteGlobalIDString = 7A3775F21EFE095200E7D13B;
			remoteInfo = "Geek Videos";
		};
/* End PBXContainerItemProxy section */

/* Begin PBXFileReference section */
		7A3775F31EFE095200E7D13B /* Geek Videos.app */ = {isa = PBXFileReference; explicitFileType = wrapper.application; includeInIndex = 0; path = "Geek Videos.app"; sourceTree = BUILT_PRODUCTS_DIR; };
		7A3775F61EFE095200E7D13B /* AppDelegate.swift */ = {isa = PBXFileReference; lastKnownFileType = sourcecode.swift; path = AppDelegate.swift; sourceTree = "<group>"; };
		7A3775F81EFE095200E7D13B /* InicioViewController.swift */ = {isa = PBXFileReference; lastKnownFileType = sourcecode.swift; path = InicioViewController.swift; sourceTree = "<group>"; };
		7A3775FB1EFE095200E7D13B /* Base */ = {isa = PBXFileReference; lastKnownFileType = file.storyboard; name = Base; path = Base.lproj/Main.storyboard; sourceTree = "<group>"; };
		7A3775FD1EFE095200E7D13B /* Assets.xcassets */ = {isa = PBXFileReference; lastKnownFileType = folder.assetcatalog; path = Assets.xcassets; sourceTree = "<group>"; };
		7A3776001EFE095200E7D13B /* Base */ = {isa = PBXFileReference; lastKnownFileType = file.storyboard; name = Base; path = Base.lproj/LaunchScreen.storyboard; sourceTree = "<group>"; };
		7A3776021EFE095200E7D13B /* Info.plist */ = {isa = PBXFileReference; lastKnownFileType = text.plist.xml; path = Info.plist; sourceTree = "<group>"; };
		7A3776071EFE095200E7D13B /* Geek VideosTests.xctest */ = {isa = PBXFileReference; explicitFileType = wrapper.cfbundle; includeInIndex = 0; path = "Geek VideosTests.xctest"; sourceTree = BUILT_PRODUCTS_DIR; };
		7A37760B1EFE095200E7D13B /* Geek_VideosTests.swift */ = {isa = PBXFileReference; lastKnownFileType = sourcecode.swift; path = Geek_VideosTests.swift; sourceTree = "<group>"; };
		7A37760D1EFE095200E7D13B /* Info.plist */ = {isa = PBXFileReference; lastKnownFileType = text.plist.xml; path = Info.plist; sourceTree = "<group>"; };
		7A3776121EFE095300E7D13B /* Geek VideosUITests.xctest */ = {isa = PBXFileReference; explicitFileType = wrapper.cfbundle; includeInIndex = 0; path = "Geek VideosUITests.xctest"; sourceTree = BUILT_PRODUCTS_DIR; };
		7A3776161EFE095300E7D13B /* Geek_VideosUITests.swift */ = {isa = PBXFileReference; lastKnownFileType = sourcecode.swift; path = Geek_VideosUITests.swift; sourceTree = "<group>"; };
		7A3776181EFE095300E7D13B /* Info.plist */ = {isa = PBXFileReference; lastKnownFileType = text.plist.xml; path = Info.plist; sourceTree = "<group>"; };
		7A3776241EFE112600E7D13B /* Roboto-Bold.ttf */ = {isa = PBXFileReference; lastKnownFileType = file; path = "Roboto-Bold.ttf"; sourceTree = "<group>"; };
		7A3776251EFE112600E7D13B /* Roboto-Regular.ttf */ = {isa = PBXFileReference; lastKnownFileType = file; path = "Roboto-Regular.ttf"; sourceTree = "<group>"; };
/* End PBXFileReference section */

/* Begin PBXFrameworksBuildPhase section */
		7A3775F01EFE095200E7D13B /* Frameworks */ = {
			isa = PBXFrameworksBuildPhase;
			buildActionMask = 2147483647;
			files = (
			);
			runOnlyForDeploymentPostprocessing = 0;
		};
		7A3776041EFE095200E7D13B /* Frameworks */ = {
			isa = PBXFrameworksBuildPhase;
			buildActionMask = 2147483647;
			files = (
			);
			runOnlyForDeploymentPostprocessing = 0;
		};
		7A37760F1EFE095300E7D13B /* Frameworks */ = {
			isa = PBXFrameworksBuildPhase;
			buildActionMask = 2147483647;
			files = (
			);
			runOnlyForDeploymentPostprocessing = 0;
		};
/* End PBXFrameworksBuildPhase section */

/* Begin PBXGroup section */
		7A3775EA1EFE095200E7D13B = {
			isa = PBXGroup;
			children = (
				7A3775F51EFE095200E7D13B /* Geek Videos */,
				7A37760A1EFE095200E7D13B /* Geek VideosTests */,
				7A3776151EFE095300E7D13B /* Geek VideosUITests */,
				7A3775F41EFE095200E7D13B /* Products */,
			);
			sourceTree = "<group>";
		};
		7A3775F41EFE095200E7D13B /* Products */ = {
			isa = PBXGroup;
			children = (
				7A3775F31EFE095200E7D13B /* Geek Videos.app */,
				7A3776071EFE095200E7D13B /* Geek VideosTests.xctest */,
				7A3776121EFE095300E7D13B /* Geek VideosUITests.xctest */,
			);
			name = Products;
			sourceTree = "<group>";
		};
		7A3775F51EFE095200E7D13B /* Geek Videos */ = {
			isa = PBXGroup;
			children = (
				7AA5D44C1EFE1F1500AB6038 /* controller */,
				7AA5D44B1EFE1F0A00AB6038 /* view */,
				7AA5D44A1EFE1F0000AB6038 /* model */,
				7A3776241EFE112600E7D13B /* Roboto-Bold.ttf */,
				7A3776251EFE112600E7D13B /* Roboto-Regular.ttf */,
				7A3775F61EFE095200E7D13B /* AppDelegate.swift */,
				7A3775FA1EFE095200E7D13B /* Main.storyboard */,
				7A3775FD1EFE095200E7D13B /* Assets.xcassets */,
				7A3775FF1EFE095200E7D13B /* LaunchScreen.storyboard */,
				7A3776021EFE095200E7D13B /* Info.plist */,
			);
			path = "Geek Videos";
			sourceTree = "<group>";
		};
		7A37760A1EFE095200E7D13B /* Geek VideosTests */ = {
			isa = PBXGroup;
			children = (
				7A37760B1EFE095200E7D13B /* Geek_VideosTests.swift */,
				7A37760D1EFE095200E7D13B /* Info.plist */,
			);
			path = "Geek VideosTests";
			sourceTree = "<group>";
		};
		7A3776151EFE095300E7D13B /* Geek VideosUITests */ = {
			isa = PBXGroup;
			children = (
				7A3776161EFE095300E7D13B /* Geek_VideosUITests.swift */,
				7A3776181EFE095300E7D13B /* Info.plist */,
			);
			path = "Geek VideosUITests";
			sourceTree = "<group>";
		};
		7AA5D44A1EFE1F0000AB6038 /* model */ = {
			isa = PBXGroup;
			children = (
			);
			name = model;
			sourceTree = "<group>";
		};
		7AA5D44B1EFE1F0A00AB6038 /* view */ = {
			isa = PBXGroup;
			children = (
			);
			name = view;
			sourceTree = "<group>";
		};
		7AA5D44C1EFE1F1500AB6038 /* controller */ = {
			isa = PBXGroup;
			children = (
				7A3775F81EFE095200E7D13B /* InicioViewController.swift */,
			);
			name = controller;
			sourceTree = "<group>";
		};
/* End PBXGroup section */

/* Begin PBXNativeTarget section */
		7A3775F21EFE095200E7D13B /* Geek Videos */ = {
			isa = PBXNativeTarget;
			buildConfigurationList = 7A37761B1EFE095300E7D13B /* Build configuration list for PBXNativeTarget "Geek Videos" */;
			buildPhases = (
				7A3775EF1EFE095200E7D13B /* Sources */,
				7A3775F01EFE095200E7D13B /* Frameworks */,
				7A3775F11EFE095200E7D13B /* Resources */,
			);
			buildRules = (
			);
			dependencies = (
			);
			name = "Geek Videos";
			productName = "Geek Videos";
			productReference = 7A3775F31EFE095200E7D13B /* Geek Videos.app */;
			productType = "com.apple.product-type.application";
		};
		7A3776061EFE095200E7D13B /* Geek VideosTests */ = {
			isa = PBXNativeTarget;
			buildConfigurationList = 7A37761E1EFE095300E7D13B /* Build configuration list for PBXNativeTarget "Geek VideosTests" */;
			buildPhases = (
				7A3776031EFE095200E7D13B /* Sources */,
				7A3776041EFE095200E7D13B /* Frameworks */,
				7A3776051EFE095200E7D13B /* Resources */,
			);
			buildRules = (
			);
			dependencies = (
				7A3776091EFE095200E7D13B /* PBXTargetDependency */,
			);
			name = "Geek VideosTests";
			productName = "Geek VideosTests";
			productReference = 7A3776071EFE095200E7D13B /* Geek VideosTests.xctest */;
			productType = "com.apple.product-type.bundle.unit-test";
		};
		7A3776111EFE095300E7D13B /* Geek VideosUITests */ = {
			isa = PBXNativeTarget;
			buildConfigurationList = 7A3776211EFE095300E7D13B /* Build configuration list for PBXNativeTarget "Geek VideosUITests" */;
			buildPhases = (
				7A37760E1EFE095300E7D13B /* Sources */,
				7A37760F1EFE095300E7D13B /* Frameworks */,
				7A3776101EFE095300E7D13B /* Resources */,
			);
			buildRules = (
			);
			dependencies = (
				7A3776141EFE095300E7D13B /* PBXTargetDependency */,
			);
			name = "Geek VideosUITests";
			productName = "Geek VideosUITests";
			productReference = 7A3776121EFE095300E7D13B /* Geek VideosUITests.xctest */;
			productType = "com.apple.product-type.bundle.ui-testing";
		};
/* End PBXNativeTarget section */

/* Begin PBXProject section */
		7A3775EB1EFE095200E7D13B /* Project object */ = {
			isa = PBXProject;
			attributes = {
				LastSwiftUpdateCheck = 0830;
				LastUpgradeCheck = 0830;
				ORGANIZATIONNAME = "Raphael Garcia";
				TargetAttributes = {
					7A3775F21EFE095200E7D13B = {
						CreatedOnToolsVersion = 8.3.3;
						ProvisioningStyle = Automatic;
					};
					7A3776061EFE095200E7D13B = {
						CreatedOnToolsVersion = 8.3.3;
						ProvisioningStyle = Automatic;
						TestTargetID = 7A3775F21EFE095200E7D13B;
					};
					7A3776111EFE095300E7D13B = {
						CreatedOnToolsVersion = 8.3.3;
						ProvisioningStyle = Automatic;
						TestTargetID = 7A3775F21EFE095200E7D13B;
					};
				};
			};
			buildConfigurationList = 7A3775EE1EFE095200E7D13B /* Build configuration list for PBXProject "Geek Videos" */;
			compatibilityVersion = "Xcode 3.2";
			developmentRegion = English;
			hasScannedForEncodings = 0;
			knownRegions = (
				en,
				Base,
			);
			mainGroup = 7A3775EA1EFE095200E7D13B;
			productRefGroup = 7A3775F41EFE095200E7D13B /* Products */;
			projectDirPath = "";
			projectRoot = "";
			targets = (
				7A3775F21EFE095200E7D13B /* Geek Videos */,
				7A3776061EFE095200E7D13B /* Geek VideosTests */,
				7A3776111EFE095300E7D13B /* Geek VideosUITests */,
			);
		};
/* End PBXProject section */

/* Begin PBXResourcesBuildPhase section */
		7A3775F11EFE095200E7D13B /* Resources */ = {
			isa = PBXResourcesBuildPhase;
			buildActionMask = 2147483647;
			files = (
				7A3776011EFE095200E7D13B /* LaunchScreen.storyboard in Resources */,
				7A3775FE1EFE095200E7D13B /* Assets.xcassets in Resources */,
				7A3776271EFE112600E7D13B /* Roboto-Regular.ttf in Resources */,
				7A3776261EFE112600E7D13B /* Roboto-Bold.ttf in Resources */,
				7A3775FC1EFE095200E7D13B /* Main.storyboard in Resources */,
			);
			runOnlyForDeploymentPostprocessing = 0;
		};
		7A3776051EFE095200E7D13B /* Resources */ = {
			isa = PBXResourcesBuildPhase;
			buildActionMask = 2147483647;
			files = (
			);
			runOnlyForDeploymentPostprocessing = 0;
		};
		7A3776101EFE095300E7D13B /* Resources */ = {
			isa = PBXResourcesBuildPhase;
			buildActionMask = 2147483647;
			files = (
			);
			runOnlyForDeploymentPostprocessing = 0;
		};
/* End PBXResourcesBuildPhase section */

/* Begin PBXSourcesBuildPhase section */
		7A3775EF1EFE095200E7D13B /* Sources */ = {
			isa = PBXSourcesBuildPhase;
			buildActionMask = 2147483647;
			files = (
				7A3775F91EFE095200E7D13B /* InicioViewController.swift in Sources */,
				7A3775F71EFE095200E7D13B /* AppDelegate.swift in Sources */,
			);
			runOnlyForDeploymentPostprocessing = 0;
		};
		7A3776031EFE095200E7D13B /* Sources */ = {
			isa = PBXSourcesBuildPhase;
			buildActionMask = 2147483647;
			files = (
				7A37760C1EFE095200E7D13B /* Geek_VideosTests.swift in Sources */,
			);
			runOnlyForDeploymentPostprocessing = 0;
		};
		7A37760E1EFE095300E7D13B /* Sources */ = {
			isa = PBXSourcesBuildPhase;
			buildActionMask = 2147483647;
			files = (
				7A3776171EFE095300E7D13B /* Geek_VideosUITests.swift in Sources */,
			);
			runOnlyForDeploymentPostprocessing = 0;
		};
/* End PBXSourcesBuildPhase section */

/* Begin PBXTargetDependency section */
		7A3776091EFE095200E7D13B /* PBXTargetDependency */ = {
			isa = PBXTargetDependency;
			target = 7A3775F21EFE095200E7D13B /* Geek Videos */;
			targetProxy = 7A3776081EFE095200E7D13B /* PBXContainerItemProxy */;
		};
		7A3776141EFE095300E7D13B /* PBXTargetDependency */ = {
			isa = PBXTargetDependency;
			target = 7A3775F21EFE095200E7D13B /* Geek Videos */;
			targetProxy = 7A3776131EFE095300E7D13B /* PBXContainerItemProxy */;
		};
/* End PBXTargetDependency section */

/* Begin PBXVariantGroup section */
		7A3775FA1EFE095200E7D13B /* Main.storyboard */ = {
			isa = PBXVariantGroup;
			children = (
				7A3775FB1EFE095200E7D13B /* Base */,
			);
			name = Main.storyboard;
			sourceTree = "<group>";
		};
		7A3775FF1EFE095200E7D13B /* LaunchScreen.storyboard */ = {
			isa = PBXVariantGroup;
			children = (
				7A3776001EFE095200E7D13B /* Base */,
			);
			name = LaunchScreen.storyboard;
			sourceTree = "<group>";
		};
/* End PBXVariantGroup section */

/* Begin XCBuildConfiguration section */
		7A3776191EFE095300E7D13B /* Debug */ = {
			isa = XCBuildConfiguration;
			buildSettings = {
				ALWAYS_SEARCH_USER_PATHS = NO;
				CLANG_ANALYZER_NONNULL = YES;
				CLANG_ANALYZER_NUMBER_OBJECT_CONVERSION = YES_AGGRESSIVE;
				CLANG_CXX_LANGUAGE_STANDARD = "gnu++0x";
				CLANG_CXX_LIBRARY = "libc++";
				CLANG_ENABLE_MODULES = YES;
				CLANG_ENABLE_OBJC_ARC = YES;
				CLANG_WARN_BOOL_CONVERSION = YES;
				CLANG_WARN_CONSTANT_CONVERSION = YES;
				CLANG_WARN_DIRECT_OBJC_ISA_USAGE = YES_ERROR;
				CLANG_WARN_DOCUMENTATION_COMMENTS = YES;
				CLANG_WARN_EMPTY_BODY = YES;
				CLANG_WARN_ENUM_CONVERSION = YES;
				CLANG_WARN_INFINITE_RECURSION = YES;
				CLANG_WARN_INT_CONVERSION = YES;
				CLANG_WARN_OBJC_ROOT_CLASS = YES_ERROR;
				CLANG_WARN_SUSPICIOUS_MOVE = YES;
				CLANG_WARN_UNREACHABLE_CODE = YES;
				CLANG_WARN__DUPLICATE_METHOD_MATCH = YES;
				"CODE_SIGN_IDENTITY[sdk=iphoneos*]" = "iPhone Developer";
				COPY_PHASE_STRIP = NO;
				DEBUG_INFORMATION_FORMAT = dwarf;
				ENABLE_STRICT_OBJC_MSGSEND = YES;
				ENABLE_TESTABILITY = YES;
				GCC_C_LANGUAGE_STANDARD = gnu99;
				GCC_DYNAMIC_NO_PIC = NO;
				GCC_NO_COMMON_BLOCKS = YES;
				GCC_OPTIMIZATION_LEVEL = 0;
				GCC_PREPROCESSOR_DEFINITIONS = (
					"DEBUG=1",
					"$(inherited)",
				);
				GCC_WARN_64_TO_32_BIT_CONVERSION = YES;
				GCC_WARN_ABOUT_RETURN_TYPE = YES_ERROR;
				GCC_WARN_UNDECLARED_SELECTOR = YES;
				GCC_WARN_UNINITIALIZED_AUTOS = YES_AGGRESSIVE;
				GCC_WARN_UNUSED_FUNCTION = YES;
				GCC_WARN_UNUSED_VARIABLE = YES;
				IPHONEOS_DEPLOYMENT_TARGET = 10.3;
				MTL_ENABLE_DEBUG_INFO = YES;
				ONLY_ACTIVE_ARCH = YES;
				SDKROOT = iphoneos;
				SWIFT_ACTIVE_COMPILATION_CONDITIONS = DEBUG;
				SWIFT_OPTIMIZATION_LEVEL = "-Onone";
				TARGETED_DEVICE_FAMILY = "1,2";
			};
			name = Debug;
		};
		7A37761A1EFE095300E7D13B /* Release */ = {
			isa = XCBuildConfiguration;
			buildSettings = {
				ALWAYS_SEARCH_USER_PATHS = NO;
				CLANG_ANALYZER_NONNULL = YES;
				CLANG_ANALYZER_NUMBER_OBJECT_CONVERSION = YES_AGGRESSIVE;
				CLANG_CXX_LANGUAGE_STANDARD = "gnu++0x";
				CLANG_CXX_LIBRARY = "libc++";
				CLANG_ENABLE_MODULES = YES;
				CLANG_ENABLE_OBJC_ARC = YES;
				CLANG_WARN_BOOL_CONVERSION = YES;
				CLANG_WARN_CONSTANT_CONVERSION = YES;
				CLANG_WARN_DIRECT_OBJC_ISA_USAGE = YES_ERROR;
				CLANG_WARN_DOCUMENTATION_COMMENTS = YES;
				CLANG_WARN_EMPTY_BODY = YES;
				CLANG_WARN_ENUM_CONVERSION = YES;
				CLANG_WARN_INFINITE_RECURSION = YES;
				CLANG_WARN_INT_CONVERSION = YES;
				CLANG_WARN_OBJC_ROOT_CLASS = YES_ERROR;
				CLANG_WARN_SUSPICIOUS_MOVE = YES;
				CLANG_WARN_UNREACHABLE_CODE = YES;
				CLANG_WARN__DUPLICATE_METHOD_MATCH = YES;
				"CODE_SIGN_IDENTITY[sdk=iphoneos*]" = "iPhone Developer";
				COPY_PHASE_STRIP = NO;
				DEBUG_INFORMATION_FORMAT = "dwarf-with-dsym";
				ENABLE_NS_ASSERTIONS = NO;
				ENABLE_STRICT_OBJC_MSGSEND = YES;
				GCC_C_LANGUAGE_STANDARD = gnu99;
				GCC_NO_COMMON_BLOCKS = YES;
				GCC_WARN_64_TO_32_BIT_CONVERSION = YES;
				GCC_WARN_ABOUT_RETURN_TYPE = YES_ERROR;
				GCC_WARN_UNDECLARED_SELECTOR = YES;
				GCC_WARN_UNINITIALIZED_AUTOS = YES_AGGRESSIVE;
				GCC_WARN_UNUSED_FUNCTION = YES;
				GCC_WARN_UNUSED_VARIABLE = YES;
				IPHONEOS_DEPLOYMENT_TARGET = 10.3;
				MTL_ENABLE_DEBUG_INFO = NO;
				SDKROOT = iphoneos;
				SWIFT_OPTIMIZATION_LEVEL = "-Owholemodule";
				TARGETED_DEVICE_FAMILY = "1,2";
				VALIDATE_PRODUCT = YES;
			};
			name = Release;
		};
		7A37761C1EFE095300E7D13B /* Debug */ = {
			isa = XCBuildConfiguration;
			buildSettings = {
				ASSETCATALOG_COMPILER_APPICON_NAME = AppIcon;
				INFOPLIST_FILE = "Geek Videos/Info.plist";
				LD_RUNPATH_SEARCH_PATHS = "$(inherited) @executable_path/Frameworks";
				PRODUCT_BUNDLE_IDENTIFIER = "com.raphaelgarcia.Geek-Videos";
				PRODUCT_NAME = "$(TARGET_NAME)";
				SWIFT_VERSION = 3.0;
			};
			name = Debug;
		};
		7A37761D1EFE095300E7D13B /* Release */ = {
			isa = XCBuildConfiguration;
			buildSettings = {
				ASSETCATALOG_COMPILER_APPICON_NAME = AppIcon;
				INFOPLIST_FILE = "Geek Videos/Info.plist";
				LD_RUNPATH_SEARCH_PATHS = "$(inherited) @executable_path/Frameworks";
				PRODUCT_BUNDLE_IDENTIFIER = "com.raphaelgarcia.Geek-Videos";
				PRODUCT_NAME = "$(TARGET_NAME)";
				SWIFT_VERSION = 3.0;
			};
			name = Release;
		};
		7A37761F1EFE095300E7D13B /* Debug */ = {
			isa = XCBuildConfiguration;
			buildSettings = {
				ALWAYS_EMBED_SWIFT_STANDARD_LIBRARIES = YES;
				BUNDLE_LOADER = "$(TEST_HOST)";
				INFOPLIST_FILE = "Geek VideosTests/Info.plist";
				LD_RUNPATH_SEARCH_PATHS = "$(inherited) @executable_path/Frameworks @loader_path/Frameworks";
				PRODUCT_BUNDLE_IDENTIFIER = "com.raphaelgarcia.Geek-VideosTests";
				PRODUCT_NAME = "$(TARGET_NAME)";
				SWIFT_VERSION = 3.0;
				TEST_HOST = "$(BUILT_PRODUCTS_DIR)/Geek Videos.app/Geek Videos";
			};
			name = Debug;
		};
		7A3776201EFE095300E7D13B /* Release */ = {
			isa = XCBuildConfiguration;
			buildSettings = {
				ALWAYS_EMBED_SWIFT_STANDARD_LIBRARIES = YES;
				BUNDLE_LOADER = "$(TEST_HOST)";
				INFOPLIST_FILE = "Geek VideosTests/Info.plist";
				LD_RUNPATH_SEARCH_PATHS = "$(inherited) @executable_path/Frameworks @loader_path/Frameworks";
				PRODUCT_BUNDLE_IDENTIFIER = "com.raphaelgarcia.Geek-VideosTests";
				PRODUCT_NAME = "$(TARGET_NAME)";
				SWIFT_VERSION = 3.0;
				TEST_HOST = "$(BUILT_PRODUCTS_DIR)/Geek Videos.app/Geek Videos";
			};
			name = Release;
		};
		7A3776221EFE095300E7D13B /* Debug */ = {
			isa = XCBuildConfiguration;
			buildSettings = {
				ALWAYS_EMBED_SWIFT_STANDARD_LIBRARIES = YES;
				INFOPLIST_FILE = "Geek VideosUITests/Info.plist";
				LD_RUNPATH_SEARCH_PATHS = "$(inherited) @executable_path/Frameworks @loader_path/Frameworks";
				PRODUCT_BUNDLE_IDENTIFIER = "com.raphaelgarcia.Geek-VideosUITests";
				PRODUCT_NAME = "$(TARGET_NAME)";
				SWIFT_VERSION = 3.0;
				TEST_TARGET_NAME = "Geek Videos";
			};
			name = Debug;
		};
		7A3776231EFE095300E7D13B /* Release */ = {
			isa = XCBuildConfiguration;
			buildSettings = {
				ALWAYS_EMBED_SWIFT_STANDARD_LIBRARIES = YES;
				INFOPLIST_FILE = "Geek VideosUITests/Info.plist";
				LD_RUNPATH_SEARCH_PATHS = "$(inherited) @executable_path/Frameworks @loader_path/Frameworks";
				PRODUCT_BUNDLE_IDENTIFIER = "com.raphaelgarcia.Geek-VideosUITests";
				PRODUCT_NAME = "$(TARGET_NAME)";
				SWIFT_VERSION = 3.0;
				TEST_TARGET_NAME = "Geek Videos";
			};
			name = Release;
		};
/* End XCBuildConfiguration section */

/* Begin XCConfigurationList section */
		7A3775EE1EFE095200E7D13B /* Build configuration list for PBXProject "Geek Videos" */ = {
			isa = XCConfigurationList;
			buildConfigurations = (
				7A3776191EFE095300E7D13B /* Debug */,
				7A37761A1EFE095300E7D13B /* Release */,
			);
			defaultConfigurationIsVisible = 0;
			defaultConfigurationName = Release;
		};
		7A37761B1EFE095300E7D13B /* Build configuration list for PBXNativeTarget "Geek Videos" */ = {
			isa = XCConfigurationList;
			buildConfigurations = (
				7A37761C1EFE095300E7D13B /* Debug */,
				7A37761D1EFE095300E7D13B /* Release */,
			);
			defaultConfigurationIsVisible = 0;
			defaultConfigurationName = Release;
		};
		7A37761E1EFE095300E7D13B /* Build configuration list for PBXNativeTarget "Geek VideosTests" */ = {
			isa = XCConfigurationList;
			buildConfigurations = (
				7A37761F1EFE095300E7D13B /* Debug */,
				7A3776201EFE095300E7D13B /* Release */,
			);
			defaultConfigurationIsVisible = 0;
			defaultConfigurationName = Release;
		};
		7A3776211EFE095300E7D13B /* Build configuration list for PBXNativeTarget "Geek VideosUITests" */ = {
			isa = XCConfigurationList;
			buildConfigurations = (
				7A3776221EFE095300E7D13B /* Debug */,
				7A3776231EFE095300E7D13B /* Release */,
			);
			defaultConfigurationIsVisible = 0;
			defaultConfigurationName = Release;
		};
/* End XCConfigurationList section */
	};
	rootObject = 7A3775EB1EFE095200E7D13B /* Project object */;
}
